<?xml version="1.0" encoding="utf-8"?>
<Project ToolsVersion="4.0" xmlns="http://schemas.microsoft.com/developer/msbuild/2003">
  <ItemGroup>
    <Filter Include="리소스 파일">
      <UniqueIdentifier>{67DA6AB6-F800-4c08-8B7A-83BB121AAD01}</UniqueIdentifier>
      <Extensions>rc;ico;cur;bmp;dlg;rc2;rct;bin;rgs;gif;jpg;jpeg;jpe;resx;tiff;tif;png;wav;mfcribbon-ms</Extensions>
    </Filter>
    <Filter Include="00Main">
      <UniqueIdentifier>{6cbba425-2f65-4f89-b0bd-4a779f558ef7}</UniqueIdentifier>
    </Filter>
    <Filter Include="01NetMgr">
      <UniqueIdentifier>{e2d82029-5b90-4996-8640-057fc4eb78a0}</UniqueIdentifier>
    </Filter>
    <Filter Include="99Etc">
      <UniqueIdentifier>{23599c13-4a7c-40f0-a4c3-567b327924bf}</UniqueIdentifier>
    </Filter>
  </ItemGroup>
  <ItemGroup>
    <ClInclude Include="main.h">
      <Filter>00Main</Filter>
    </ClInclude>
    <ClInclude Include="Resource.h">
      <Filter>99Etc</Filter>
    </ClInclude>
    <ClInclude Include="stdafx.h">
      <Filter>99Etc</Filter>
    </ClInclude>
    <ClInclude Include="targetver.h">
      <Filter>99Etc</Filter>
    </ClInclude>
    <ClInclude Include="CNetMgr.h">
      <Filter>01NetMgr</Filter>
    </ClInclude>
    <ClInclude Include="Extern.h">
      <Filter>99Etc</Filter>
    </ClInclude>
  </ItemGroup>
  <ItemGroup>
    <ClCompile Include="main.cpp">
      <Filter>00Main</Filter>
    </ClCompile>
    <ClCompile Include="stdafx.cpp">
      <Filter>99Etc</Filter>
    </ClCompile>
    <ClCompile Include="CNetMgr.cpp">
      <Filter>01NetMgr</Filter>
    </ClCompile>
  </ItemGroup>
  <ItemGroup>
    <ResourceCompile Include="Client.rc">
      <Filter>리소스 파일</Filter>
    </ResourceCompile>
  </ItemGroup>
  <ItemGroup>
    <Image Include="small.ico">
      <Filter>리소스 파일</Filter>
    </Image>
    <Image Include="Client.ico">
      <Filter>리소스 파일</Filter>
    </Image>
  </ItemGroup>
</Project>