<?xml version="1.0" encoding="utf-8"?>
<Project ToolsVersion="4.0" xmlns="http://schemas.microsoft.com/developer/msbuild/2003">
  <ItemGroup>
    <Filter Include="리소스 파일">
      <UniqueIdentifier>{67DA6AB6-F800-4c08-8B7A-83BB121AAD01}</UniqueIdentifier>
      <Extensions>rc;ico;cur;bmp;dlg;rc2;rct;bin;rgs;gif;jpg;jpeg;jpe;resx;tiff;tif;png;wav;mfcribbon-ms</Extensions>
    </Filter>
    <Filter Include="00Main">
      <UniqueIdentifier>{4FC737F1-C7A5-4376-A066-2A32D752A2FF}</UniqueIdentifier>
      <Extensions>cpp;c;cc;cxx;c++;cppm;ixx;def;odl;idl;hpj;bat;asm;asmx</Extensions>
    </Filter>
    <Filter Include="99Etc">
      <UniqueIdentifier>{93995380-89BD-4b04-88EB-625FBE52EBFB}</UniqueIdentifier>
      <Extensions>h;hh;hpp;hxx;h++;hm;inl;inc;ipp;xsd</Extensions>
    </Filter>
    <Filter Include="01CQuadTree">
      <UniqueIdentifier>{f3ccb6ef-fdf5-4adb-be7d-3ffebe17eaa9}</UniqueIdentifier>
    </Filter>
    <Filter Include="02Player">
      <UniqueIdentifier>{279653a7-e7bb-4d5e-8150-43d49cbfbcf1}</UniqueIdentifier>
    </Filter>
    <Filter Include="01CQuadTree\00CQuad">
      <UniqueIdentifier>{ccd7587c-f033-4c78-8281-70ebf5e41745}</UniqueIdentifier>
    </Filter>
    <Filter Include="01CQuadTree\01CRect">
      <UniqueIdentifier>{7aa0211c-6bfc-4913-acb7-8d61d95fb76f}</UniqueIdentifier>
    </Filter>
    <Filter Include="01CQuadTree\02CFREct">
      <UniqueIdentifier>{d1a85092-52fe-4c28-8149-fd752dd5bdcd}</UniqueIdentifier>
    </Filter>
  </ItemGroup>
  <ItemGroup>
    <ClInclude Include="stdafx.h">
      <Filter>99Etc</Filter>
    </ClInclude>
    <ClInclude Include="CQuadTree.h">
      <Filter>01CQuadTree</Filter>
    </ClInclude>
    <ClInclude Include="CPlayer.h">
      <Filter>02Player</Filter>
    </ClInclude>
    <ClInclude Include="CQuad.h">
      <Filter>01CQuadTree\00CQuad</Filter>
    </ClInclude>
    <ClInclude Include="CRect.h">
      <Filter>01CQuadTree\01CRect</Filter>
    </ClInclude>
    <ClInclude Include="CFRect.h">
      <Filter>01CQuadTree\02CFREct</Filter>
    </ClInclude>
    <ClInclude Include="Struct.h">
      <Filter>99Etc</Filter>
    </ClInclude>
    <ClInclude Include="Namespace.h">
      <Filter>99Etc</Filter>
    </ClInclude>
    <ClInclude Include="Define.h">
      <Filter>99Etc</Filter>
    </ClInclude>
  </ItemGroup>
  <ItemGroup>
    <ClCompile Include="Main.cpp">
      <Filter>00Main</Filter>
    </ClCompile>
    <ClCompile Include="CQuadTree.cpp">
      <Filter>01CQuadTree</Filter>
    </ClCompile>
    <ClCompile Include="CPlayer.cpp">
      <Filter>02Player</Filter>
    </ClCompile>
    <ClCompile Include="CQuad.cpp">
      <Filter>01CQuadTree\00CQuad</Filter>
    </ClCompile>
    <ClCompile Include="CRect.cpp">
      <Filter>01CQuadTree\01CRect</Filter>
    </ClCompile>
    <ClCompile Include="CFRect.cpp">
      <Filter>01CQuadTree\02CFREct</Filter>
    </ClCompile>
  </ItemGroup>
</Project>